{
    "_meta": {
        "hash": {
            "sha256": "73a045e8c2f1adfc28a9a97fb2ea64f355125f8b0b9cd86ebe3804f6fc13fc93"
        },
        "pipfile-spec": 6,
        "requires": {
            "python_version": "3.7"
        },
        "sources": [
            {
                "name": "pypi",
                "url": "https://pypi.org/simple",
                "verify_ssl": true
            }
        ]
    },
    "default": {
        "home-hub-lambda-com-laszlobogacsi": {
            "editable": true,
            "path": "."
        },
        "paho-mqtt": {
            "hashes": [
                "sha256:e440a052b46d222e184be3be38676378722072fcd4dfd2c8f509fb861a7b0b79"
            ],
            "index": "pypi",
            "version": "==1.4.0"
        }
    },
    "develop": {}
}
